# THIS IS AN AUTOGENERATED FILE. DO NOT EDIT THIS FILE DIRECTLY.
# yarn lockfile v1


"@babel/parser@^7.23.6":
  version "7.23.6"
  resolved "https://repo.huaweicloud.com/repository/npm/@babel/parser/-/parser-7.23.6.tgz"
  integrity sha512-Z2uID7YJ7oNvAI20O9X0bblw7Qqs8Q2hFy0R9tAfnfLkp5MW0UH9eUvnDSnFwKZ0AvgS1ucqR4KzvVHgnke1VQ==

"@css-render/plugin-bem@^0.15.10":
  version "0.15.10"
  resolved "https://repo.huaweicloud.com/repository/npm/@css-render/plugin-bem/-/plugin-bem-0.15.10.tgz"
  integrity sha512-V7b08sM2PWJlXI7BJiVIa0Sg30H3u/jHay4AclNXfF2yRFwwb4ZJjggsMfzwj3WSihAdNf2WTqvOU5qsOD80Dg==

"@css-render/vue3-ssr@^0.15.10":
  version "0.15.10"
  resolved "https://repo.huaweicloud.com/repository/npm/@css-render/vue3-ssr/-/vue3-ssr-0.15.10.tgz"
  integrity sha512-keGKnkB2nyVGoA8GezMKNsmvTGXEzgLOGGlgshwOTSEzd1dsROyZ2m/khJ9jV5zbzDM4rWeAWbWF0zwHemsJcw==

"@emotion/hash@~0.8.0":
  version "0.8.0"
  resolved "https://repo.huaweicloud.com/repository/npm/@emotion/hash/-/hash-0.8.0.tgz"
  integrity sha512-kBJtf7PH6aWwZ6fka3zQ0p6SBYzx4fl1LoZXE2RrnYST9Xljm7WfKJrU4g/Xr3Beg72MLrp1AWNUmuYJTL7Cow==

"@esbuild/darwin-arm64@0.19.8":
  version "0.19.8"
  resolved "https://repo.huaweicloud.com/repository/npm/@esbuild/darwin-arm64/-/darwin-arm64-0.19.8.tgz"
  integrity sha512-RQw9DemMbIq35Bprbboyf8SmOr4UXsRVxJ97LgB55VKKeJOOdvsIPy0nFyF2l8U+h4PtBx/1kRf0BelOYCiQcw==

"@jridgewell/sourcemap-codec@^1.4.15":
  version "1.4.15"
  resolved "https://registry.npmjs.org/@jridgewell/sourcemap-codec/-/sourcemap-codec-1.4.15.tgz"
  integrity sha512-eF2rxCRulEKXHTRiDrDy6erMYWqNw4LPdQ8UQA4huuxaQsVeRPFl2oM8oDGxMFhJUWZf9McpLtJasDDZb/Bpeg==

"@juggle/resize-observer@^3.3.1":
  version "3.3.1"
  resolved "https://repo.huaweicloud.com/repository/npm/@juggle/resize-observer/-/resize-observer-3.3.1.tgz"
  integrity sha512-zMM9Ds+SawiUkakS7y94Ymqx+S0ORzpG3frZirN3l+UlXUmSUR7hF4wxCVqW+ei94JzV5kt0uXBcoOEAuiydrw==

"@rollup/rollup-darwin-arm64@4.6.1":
  version "4.6.1"
  resolved "https://repo.huaweicloud.com/repository/npm/@rollup/rollup-darwin-arm64/-/rollup-darwin-arm64-4.6.1.tgz"
  integrity sha512-cEXJQY/ZqMACb+nxzDeX9IPLAg7S94xouJJCNVE5BJM8JUEP4HeTF+ti3cmxWeSJo+5D+o8Tc0UAWUkfENdeyw==

"@types/jest@^27.0.1":
  version "27.5.2"
  resolved "https://repo.huaweicloud.com/repository/npm/@types/jest/-/jest-27.5.2.tgz"
  integrity sha512-mpT8LJJ4CMeeahobofYWIjFo0xonRS/HfxnVEPMPFSQdGUt1uHCnoPT7Zhb+sjDU2wz0oKV0OLUR0WzrHNgfeA==
  dependencies:
    jest-matcher-utils "^27.0.0"
    pretty-format "^27.0.0"

"@types/lodash-es@^4.17.6":
  version "4.17.6"
  resolved "https://repo.huaweicloud.com/repository/npm/@types/lodash-es/-/lodash-es-4.17.6.tgz"
  integrity sha512-R+zTeVUKDdfoRxpAryaQNRKk3105Rrgx2CFRClIgRGaqDTdjsm8h6IYA8ir584W3ePzkZfst5xIgDwYrlh9HLg==
  dependencies:
    "@types/lodash" "*"

"@types/lodash@*", "@types/lodash@^4.14.181":
  version "4.14.182"
  resolved "https://repo.huaweicloud.com/repository/npm/@types/lodash/-/lodash-4.14.182.tgz"
  integrity sha512-/THyiqyQAP9AfARo4pF+aCGcyiQ94tX/Is2I7HofNRqoYLgN1PBoOWu2/zTA5zMxzP5EFutMtWtGAFRKUe961Q==

"@types/node@^18.0.0 || >=20.0.0":
  version "20.10.7"
  resolved "https://repo.huaweicloud.com/repository/npm/@types/node/-/node-20.10.7.tgz"
  integrity sha512-fRbIKb8C/Y2lXxB5eVMj4IU7xpdox0Lh8bUPEdtLysaylsml1hOOx1+STloRs/B9nf7C6kPRmmg/V7aQW7usNg==
  dependencies:
    undici-types "~5.26.4"

"@types/node@~17.0.5":
  version "17.0.45"
  resolved "https://repo.huaweicloud.com/repository/npm/@types/node/-/node-17.0.45.tgz"
  integrity sha512-w+tIMs3rq2afQdsPJlODhoUEKzFP1ayaoyl1CcnwtIlsVe7K7bA1NGm4s3PraqTLlXnbIN84zuBlxBWo1u9BLw==

"@vicons/antd@^0.12.0":
  version "0.12.0"
  resolved "https://repo.huaweicloud.com/repository/npm/@vicons/antd/-/antd-0.12.0.tgz"
  integrity sha512-C0p6aO1EmGG1QHrqgUWQS1No20934OdWSRQshM5NIDK5H1On6tC26U0hT6Rmp40KfUsvhvX5YW8BoWJdNFifPg==

"@vicons/carbon@^0.12.0":
  version "0.12.0"
  resolved "https://repo.huaweicloud.com/repository/npm/@vicons/carbon/-/carbon-0.12.0.tgz"
  integrity sha512-kCOgr/ZOhZzoiFLJ8pwxMa2TMxrkCUOA22qExPabus35F4+USqzcsxaPoYtqRd9ROOYiHrSqwapak/ywF0D9bg==

"@vicons/fa@^0.12.0":
  version "0.12.0"
  resolved "https://repo.huaweicloud.com/repository/npm/@vicons/fa/-/fa-0.12.0.tgz"
  integrity sha512-g2PIeJLsTHUjt6bK63LxqC0uYQB7iu+xViJOxvp1s8b9/akpXVPVWjDTTsP980/0KYyMMe4U7F/aUo7wY+MsXA==

"@vicons/fluent@^0.12.0":
  version "0.12.0"
  resolved "https://repo.huaweicloud.com/repository/npm/@vicons/fluent/-/fluent-0.12.0.tgz"
  integrity sha512-ATCiqPuiJ6RI5GBlD3BIpZ9Xw4MsCA4RpI5oR6MCti4quS4mX1Gp6N74FCzw7lgOj+80rV4HMKhZTVInwimpVQ==

"@vicons/ionicons4@^0.12.0":
  version "0.12.0"
  resolved "https://repo.huaweicloud.com/repository/npm/@vicons/ionicons4/-/ionicons4-0.12.0.tgz"
  integrity sha512-i+7YwlpCrqD6m9esbZLy1bpVQlh4CKugtS3OzgfNw6BLTQQK6HT7drktaJgcESj/BTr4avdNbAtMQXx56wSVMg==

"@vicons/ionicons5@^0.12.0":
  version "0.12.0"
  resolved "https://repo.huaweicloud.com/repository/npm/@vicons/ionicons5/-/ionicons5-0.12.0.tgz"
  integrity sha512-Iy1EUVRpX0WWxeu1VIReR1zsZLMc4fqpt223czR+Rpnrwu7pt46nbnC2ycO7ItI/uqDLJxnbcMC7FujKs9IfFA==

"@vicons/material@^0.12.0":
  version "0.12.0"
  resolved "https://repo.huaweicloud.com/repository/npm/@vicons/material/-/material-0.12.0.tgz"
  integrity sha512-chv1CYAl8P32P3Ycwgd5+vw/OFNc2mtkKdb1Rw4T5IJmKy6GVDsoUKV3N2l208HATn7CCQphZtuPDdsm7K2kmA==

"@vicons/tabler@^0.12.0":
  version "0.12.0"
  resolved "https://repo.huaweicloud.com/repository/npm/@vicons/tabler/-/tabler-0.12.0.tgz"
  integrity sha512-3+wUFuxb7e8OzZ8Wryct1pzfA2vyoF4lwW98O9s27ZrfCGaJGNmqG+q8A7vQ92Mf+COCgxpK+rhNPTtTvaU6qw==

"@vitejs/plugin-vue@^5.0.2":
  version "5.0.2"
  resolved "https://repo.huaweicloud.com/repository/npm/@vitejs/plugin-vue/-/plugin-vue-5.0.2.tgz"
  integrity sha512-kEjJHrLb5ePBvjD0SPZwJlw1QTRcjjCA9sB5VyfonoXVBxTS7TMnqL6EkLt1Eu61RDeiuZ/WN9Hf6PxXhPI2uA==

"@vue/compiler-core@3.4.5":
  version "3.4.5"
  resolved "https://repo.huaweicloud.com/repository/npm/@vue/compiler-core/-/compiler-core-3.4.5.tgz"
  integrity sha512-Daka7P1z2AgKjzuueWXhwzIsKu0NkLB6vGbNVEV2iJ8GJTrzraZo/Sk4GWCMRtd/qVi3zwnk+Owbd/xSZbwHtQ==
  dependencies:
    "@babel/parser" "^7.23.6"
    "@vue/shared" "3.4.5"
    entities "^4.5.0"
    estree-walker "^2.0.2"
    source-map-js "^1.0.2"

"@vue/compiler-dom@3.4.5":
  version "3.4.5"
  resolved "https://repo.huaweicloud.com/repository/npm/@vue/compiler-dom/-/compiler-dom-3.4.5.tgz"
  integrity sha512-J8YlxknJVd90SXFJ4HwGANSAXsx5I0lK30sO/zvYV7s5gXf7gZR7r/1BmZ2ju7RGH1lnc6bpBc6nL61yW+PsAQ==
  dependencies:
    "@vue/compiler-core" "3.4.5"
    "@vue/shared" "3.4.5"

"@vue/compiler-sfc@3.4.5":
  version "3.4.5"
  resolved "https://repo.huaweicloud.com/repository/npm/@vue/compiler-sfc/-/compiler-sfc-3.4.5.tgz"
  integrity sha512-jauvkDuSSUbP0ebhfNqljhShA90YEfX/0wZ+w40oZF43IjGyWYjqYaJbvMJwGOd+9+vODW6eSvnk28f0SGV7OQ==
  dependencies:
    "@babel/parser" "^7.23.6"
    "@vue/compiler-core" "3.4.5"
    "@vue/compiler-dom" "3.4.5"
    "@vue/compiler-ssr" "3.4.5"
    "@vue/shared" "3.4.5"
    estree-walker "^2.0.2"
    magic-string "^0.30.5"
    postcss "^8.4.32"
    source-map-js "^1.0.2"

"@vue/compiler-ssr@3.4.5":
  version "3.4.5"
  resolved "https://repo.huaweicloud.com/repository/npm/@vue/compiler-ssr/-/compiler-ssr-3.4.5.tgz"
  integrity sha512-DDdEcDzj2lWTMfUMMtEpLDhURai9LhM0zSZ219jCt7b2Vyl0/jy3keFgCPMitG0V1S1YG4Cmws3lWHWdxHQOpg==
  dependencies:
    "@vue/compiler-dom" "3.4.5"
    "@vue/shared" "3.4.5"

"@vue/devtools-api@^6.5.0":
  version "6.5.1"
  resolved "https://registry.npmjs.org/@vue/devtools-api/-/devtools-api-6.5.1.tgz"
  integrity sha512-+KpckaAQyfbvshdDW5xQylLni1asvNSGme1JFs8I1+/H5pHEhqUKMEQD/qn3Nx5+/nycBq11qAEi8lk+LXI2dA==

"@vue/reactivity@3.4.5":
  version "3.4.5"
  resolved "https://repo.huaweicloud.com/repository/npm/@vue/reactivity/-/reactivity-3.4.5.tgz"
  integrity sha512-BcWkKvjdvqJwb7BhhFkXPLDCecX4d4a6GATvCduJQDLv21PkPowAE5GKuIE5p6RC07/Lp9FMkkq4AYCTVF5KlQ==
  dependencies:
    "@vue/shared" "3.4.5"

"@vue/runtime-core@3.4.5":
  version "3.4.5"
  resolved "https://repo.huaweicloud.com/repository/npm/@vue/runtime-core/-/runtime-core-3.4.5.tgz"
  integrity sha512-wh9ELIOQKeWT9SaUPdLrsxRkZv14jp+SJm9aiQGWio+/MWNM3Lib0wE6CoKEqQ9+SCYyGjDBhTOTtO47kCgbkg==
  dependencies:
    "@vue/reactivity" "3.4.5"
    "@vue/shared" "3.4.5"

"@vue/runtime-dom@3.4.5":
  version "3.4.5"
  resolved "https://repo.huaweicloud.com/repository/npm/@vue/runtime-dom/-/runtime-dom-3.4.5.tgz"
  integrity sha512-n5ewvOjyG3IEpqGBahdPXODFSpVlSz3H4LF76Sx0XAqpIOqyJ5bIb2PrdYuH2ogBMAQPh+o5tnoH4nJpBr8U0Q==
  dependencies:
    "@vue/runtime-core" "3.4.5"
    "@vue/shared" "3.4.5"
    csstype "^3.1.3"

"@vue/server-renderer@3.4.5":
  version "3.4.5"
  resolved "https://repo.huaweicloud.com/repository/npm/@vue/server-renderer/-/server-renderer-3.4.5.tgz"
  integrity sha512-jOFc/VE87yvifQpNju12VcqimH8pBLxdcT+t3xMeiED1K6DfH9SORyhFEoZlW5TG2Vwfn3Ul5KE+1aC99xnSBg==
  dependencies:
    "@vue/compiler-ssr" "3.4.5"
    "@vue/shared" "3.4.5"

"@vue/shared@3.4.5":
  version "3.4.5"
  resolved "https://repo.huaweicloud.com/repository/npm/@vue/shared/-/shared-3.4.5.tgz"
  integrity sha512-6XptuzlMvN4l4cDnDw36pdGEV+9njYkQ1ZE0Q6iZLwrKefKaOJyiFmcP3/KBDHbt72cJZGtllAc1GaHe6XGAyg==

accounting@^0.4.1:
  version "0.4.1"
  resolved "https://repo.huaweicloud.com/repository/npm/accounting/-/accounting-0.4.1.tgz"
  integrity sha512-RU6KY9Y5wllyaCNBo1W11ZOTnTHMMgOZkIwdOOs6W5ibMTp72i4xIbEA48djxVGqMNTUNbvrP/1nWg5Af5m2gQ==

ansi-regex@^5.0.1:
  version "5.0.1"
  resolved "https://repo.huaweicloud.com/repository/npm/ansi-regex/-/ansi-regex-5.0.1.tgz"
  integrity sha512-quJQXlTSUGL2LH9SUXo8VwsY4soanhgo6LNSm84E1LBcE8s3O0wpdiRzyR9z/ZZJMlMWv37qOOb9pdJlMUEKFQ==

ansi-styles@^4.1.0:
  version "4.3.0"
  resolved "https://repo.huaweicloud.com/repository/npm/ansi-styles/-/ansi-styles-4.3.0.tgz"
  integrity sha512-zbB9rCJAT1rbjiVDb2hqKFHNYLxgtk8NURxZ3IZwD3F6NtxbXZQCnnSi1Lkx+IDohdPlFp222wVALIheZJQSEg==
  dependencies:
    color-convert "^2.0.1"

ansi-styles@^5.0.0:
  version "5.2.0"
  resolved "https://repo.huaweicloud.com/repository/npm/ansi-styles/-/ansi-styles-5.2.0.tgz"
  integrity sha512-Cxwpt2SfTzTtXcfOlzGEee8O+c+MmUgGrNiBcXnuWxuFJHe6a5Hz7qwhwe5OgaSYI0IJvkLqWX1ASG+cJOkEiA==

async-validator@^4.0.7:
  version "4.1.1"
  resolved "https://repo.huaweicloud.com/repository/npm/async-validator/-/async-validator-4.1.1.tgz"
  integrity sha512-p4DO/JXwjs8klJyJL8Q2oM4ks5fUTze/h5k10oPPKMiLe1fj3G1QMzPHNmN1Py4ycOk7WlO2DcGXv1qiESJCZA==

asynckit@^0.4.0:
  version "0.4.0"
  resolved "https://repo.huaweicloud.com/repository/npm/asynckit/-/asynckit-0.4.0.tgz"
  integrity sha512-Oei9OH4tRh0YqU3GxhX79dM/mwVgvbZJaSNaRk+bshkj0S5cfHcgYakreBjrHwatXKbz+IoIdYLxrKim2MjW0Q==

axios@1.6.0:
  version "1.6.0"
  resolved "https://repo.huaweicloud.com/repository/npm/axios/-/axios-1.6.0.tgz"
  integrity sha512-EZ1DYihju9pwVB+jg67ogm+Tmqc6JmhamRN6I4Zt8DfZu5lbcQGw3ozH9lFejSJgs/ibaef3A9PMXPLeefFGJg==
  dependencies:
    follow-redirects "^1.15.0"
    form-data "^4.0.0"
    proxy-from-env "^1.1.0"

chalk@^4.0.0:
  version "4.1.2"
  resolved "https://repo.huaweicloud.com/repository/npm/chalk/-/chalk-4.1.2.tgz"
  integrity sha512-oKnbhFyRIXpUuez8iBMmyEa4nbj4IOQyuhc/wy9kY7/WVPcwIO9VA668Pu8RkO7+0G76SLROeyw9CpQ061i4mA==
  dependencies:
    ansi-styles "^4.1.0"
    supports-color "^7.1.0"

charenc@0.0.2:
  version "0.0.2"
  resolved "https://repo.huaweicloud.com/repository/npm/charenc/-/charenc-0.0.2.tgz"
  integrity sha512-yrLQ/yVUFXkzg7EDQsPieE/53+0RlaWTs+wBrvW36cyilJ2SaDWfl4Yj7MtLTXleV9uEKefbAGUPv2/iWSooRA==

color-convert@^2.0.1:
  version "2.0.1"
  resolved "https://repo.huaweicloud.com/repository/npm/color-convert/-/color-convert-2.0.1.tgz"
  integrity sha512-RRECPsj7iu/xb5oKYcsFHSppFNnsj/52OVTRKb4zP5onXwVF3zVmmToNcOfGC+CRDpfK/U584fMg38ZHCaElKQ==
  dependencies:
    color-name "~1.1.4"

color-name@~1.1.4:
  version "1.1.4"
  resolved "https://repo.huaweicloud.com/repository/npm/color-name/-/color-name-1.1.4.tgz"
  integrity sha512-dOy+3AuW3a2wNbZHIuMZpTcgjGuLU/uBL/ubcZF9OXbDo8ff4O8yVp5Bf0efS8uEoYo5q4Fx7dY9OgQGXgAsQA==

combined-stream@^1.0.8:
  version "1.0.8"
  resolved "https://repo.huaweicloud.com/repository/npm/combined-stream/-/combined-stream-1.0.8.tgz"
  integrity sha512-FQN4MRfuJeHf7cBbBMJFXhKSDq+2kAArBlmRBvcvFE5BB1HZKXtSFASDhdlz9zOYwxh8lDdnvmMOe/+5cdoEdg==
  dependencies:
    delayed-stream "~1.0.0"

crypt@0.0.2:
  version "0.0.2"
  resolved "https://repo.huaweicloud.com/repository/npm/crypt/-/crypt-0.0.2.tgz"
  integrity sha1-iNf/fsDfuG9xPch7u0LQRNPmxBs=

css-render@^0.15.10, css-render@~0.15.10:
  version "0.15.10"
  resolved "https://repo.huaweicloud.com/repository/npm/css-render/-/css-render-0.15.10.tgz"
  integrity sha512-6j5acvm81sXTHJiF47FNNICtDpF74YoWk1xEK3qQvdqgW6vc+OXrPqflL6m8f5GE6XuFYrbACNEd17kraCSBAQ==
  dependencies:
    "@emotion/hash" "~0.8.0"
    "@types/node" "~17.0.5"
    csstype "~3.0.5"

csstype@^3.1.3:
  version "3.1.3"
  resolved "https://repo.huaweicloud.com/repository/npm/csstype/-/csstype-3.1.3.tgz"
  integrity sha512-M1uQkMl8rQK/szD0LNhtqxIPLpimGm8sOBwU7lLnCpSbTyY3yeU1Vc7l4KT5zT4s/yOxHH5O7tIuuLOCnLADRw==

csstype@~3.0.5:
  version "3.0.11"
  resolved "https://repo.huaweicloud.com/repository/npm/csstype/-/csstype-3.0.11.tgz"
  integrity sha512-sa6P2wJ+CAbgyy4KFssIb/JNMLxFvKF1pCYCSXS8ZMuqZnMsrxqI2E5sPyoTpxoPU/gVZMzr2zjOfg8GIZOMsw==

date-fns-tz@^1.3.3:
  version "1.3.4"
  resolved "https://repo.huaweicloud.com/repository/npm/date-fns-tz/-/date-fns-tz-1.3.4.tgz"
  integrity sha512-O47vEyz85F2ax/ZdhMBJo187RivZGjH6V0cPjPzpm/yi6YffJg4upD/8ibezO11ezZwP3QYlBHh/t4JhRNx0Ow==

date-fns@^2.28.0, date-fns@>=2.0.0:
  version "2.28.0"
  resolved "https://repo.huaweicloud.com/repository/npm/date-fns/-/date-fns-2.28.0.tgz"
  integrity sha512-8d35hViGYx/QH0icHYCeLmsLmMUheMmTyV9Fcm6gvNwdw31yXXH+O85sOBJ+OLnLQMKZowvpKb6FgMIQjcpvQw==

delayed-stream@~1.0.0:
  version "1.0.0"
  resolved "https://repo.huaweicloud.com/repository/npm/delayed-stream/-/delayed-stream-1.0.0.tgz"
  integrity sha1-3zrhmayt+31ECqrgsp4icrJOxhk=

diff-sequences@^27.5.1:
  version "27.5.1"
  resolved "https://repo.huaweicloud.com/repository/npm/diff-sequences/-/diff-sequences-27.5.1.tgz"
  integrity sha512-k1gCAXAsNgLwEL+Y8Wvl+M6oEFj5bgazfZULpS5CneoPPXRaCCW7dm+q21Ky2VEE5X+VeRDBVg1Pcvvsr4TtNQ==

entities@^4.5.0:
  version "4.5.0"
  resolved "https://repo.huaweicloud.com/repository/npm/entities/-/entities-4.5.0.tgz"
  integrity sha512-V0hjH4dGPh9Ao5p0MoRY6BVqtwCjhz6vI5LT8AJ55H+4g9/4vbHx1I54fS0XuclLhDHArPQCiMjDxjaL8fPxhw==

esbuild@^0.19.3:
  version "0.19.8"
  resolved "https://repo.huaweicloud.com/repository/npm/esbuild/-/esbuild-0.19.8.tgz"
  integrity sha512-l7iffQpT2OrZfH2rXIp7/FkmaeZM0vxbxN9KfiCwGYuZqzMg/JdvX26R31Zxn/Pxvsrg3Y9N6XTcnknqDyyv4w==
  optionalDependencies:
    "@esbuild/android-arm" "0.19.8"
    "@esbuild/android-arm64" "0.19.8"
    "@esbuild/android-x64" "0.19.8"
    "@esbuild/darwin-arm64" "0.19.8"
    "@esbuild/darwin-x64" "0.19.8"
    "@esbuild/freebsd-arm64" "0.19.8"
    "@esbuild/freebsd-x64" "0.19.8"
    "@esbuild/linux-arm" "0.19.8"
    "@esbuild/linux-arm64" "0.19.8"
    "@esbuild/linux-ia32" "0.19.8"
    "@esbuild/linux-loong64" "0.19.8"
    "@esbuild/linux-mips64el" "0.19.8"
    "@esbuild/linux-ppc64" "0.19.8"
    "@esbuild/linux-riscv64" "0.19.8"
    "@esbuild/linux-s390x" "0.19.8"
    "@esbuild/linux-x64" "0.19.8"
    "@esbuild/netbsd-x64" "0.19.8"
    "@esbuild/openbsd-x64" "0.19.8"
    "@esbuild/sunos-x64" "0.19.8"
    "@esbuild/win32-arm64" "0.19.8"
    "@esbuild/win32-ia32" "0.19.8"
    "@esbuild/win32-x64" "0.19.8"

estree-walker@^2.0.2:
  version "2.0.2"
  resolved "https://registry.npmjs.org/estree-walker/-/estree-walker-2.0.2.tgz"
  integrity sha512-Rfkk/Mp/DL7JVje3u18FxFujQlTNR2q6QfMSMB7AvCBx91NGj/ba3kCfza0f6dVDbw7YlRf/nDrn7pQrCCyQ/w==

evtd@^0.2.2, evtd@^0.2.3:
  version "0.2.3"
  resolved "https://repo.huaweicloud.com/repository/npm/evtd/-/evtd-0.2.3.tgz"
  integrity sha512-tmiT1YUVqFjTY+BSBOAskL83xNx41iUfpvKP6Gcd/xMHjg3mnER98jXGXJyKnxCG19uPc6EhZiUC+MUyvoqCtw==

follow-redirects@^1.15.0:
  version "1.15.4"
  resolved "https://repo.huaweicloud.com/repository/npm/follow-redirects/-/follow-redirects-1.15.4.tgz"
  integrity sha512-Cr4D/5wlrb0z9dgERpUL3LrmPKVDsETIJhaCMeDfuFYcqa5bldGV6wBsAN6X/vxlXQtFBMrXdXxdL8CbDTGniw==

form-data@^4.0.0:
  version "4.0.0"
  resolved "https://repo.huaweicloud.com/repository/npm/form-data/-/form-data-4.0.0.tgz"
  integrity sha512-ETEklSGi5t0QMZuiXoA/Q6vcnxcLQP5vdugSpuAyi6SVGi2clPPp+xgEhuMaHC+zGgn31Kd235W35f7Hykkaww==
  dependencies:
    asynckit "^0.4.0"
    combined-stream "^1.0.8"
    mime-types "^2.1.12"

fsevents@~2.3.2:
  version "2.3.2"
  resolved "https://registry.npmjs.org/fsevents/-/fsevents-2.3.2.tgz"
  integrity sha512-xiqMQR4xAeHTuB9uWm+fFRcIOgKBMiOBP+eXiyT7jsgVCq1bkVygt00oASowB7EdtpOHaaPgKt812P9ab+DDKA==

fsevents@~2.3.3:
  version "2.3.3"
  resolved "https://repo.huaweicloud.com/repository/npm/fsevents/-/fsevents-2.3.3.tgz"
  integrity sha512-5xoDfX+fL7faATnagmWPpbFtwh/R77WmMMqqHGS65C3vvB0YHrgF+B1YmZ3441tMj5n63k0212XNoJwzlhffQw==

has-flag@^4.0.0:
  version "4.0.0"
  resolved "https://repo.huaweicloud.com/repository/npm/has-flag/-/has-flag-4.0.0.tgz"
  integrity sha512-EykJT/Q1KjTWctppgIAgfSO0tKVuZUjhgMr17kqTumMl6Afv3EISleU7qZUzoXDFTAHTDC4NOoG/ZxU3EvlMPQ==

highlight.js@^11.5.0:
  version "11.5.1"
  resolved "https://repo.huaweicloud.com/repository/npm/highlight.js/-/highlight.js-11.5.1.tgz"
  integrity sha512-LKzHqnxr4CrD2YsNoIf/o5nJ09j4yi/GcH5BnYz9UnVpZdS4ucMgvP61TDty5xJcFGRjnH4DpujkS9bHT3hq0Q==

is-buffer@~1.1.6:
  version "1.1.6"
  resolved "https://repo.huaweicloud.com/repository/npm/is-buffer/-/is-buffer-1.1.6.tgz"
  integrity sha512-NcdALwpXkTm5Zvvbk7owOUSvVvBKDgKP5/ewfXEznmQFfs4ZRmanOeKBTjRVjka3QFoN6XJ+9F3USqfHqTaU5w==

jest-diff@^27.5.1:
  version "27.5.1"
  resolved "https://repo.huaweicloud.com/repository/npm/jest-diff/-/jest-diff-27.5.1.tgz"
  integrity sha512-m0NvkX55LDt9T4mctTEgnZk3fmEg3NRYutvMPWM/0iPnkFj2wIeF45O1718cMSOFO1vINkqmxqD8vE37uTEbqw==
  dependencies:
    chalk "^4.0.0"
    diff-sequences "^27.5.1"
    jest-get-type "^27.5.1"
    pretty-format "^27.5.1"

jest-get-type@^27.5.1:
  version "27.5.1"
  resolved "https://repo.huaweicloud.com/repository/npm/jest-get-type/-/jest-get-type-27.5.1.tgz"
  integrity sha512-2KY95ksYSaK7DMBWQn6dQz3kqAf3BB64y2udeG+hv4KfSOb9qwcYQstTJc1KCbsix+wLZWZYN8t7nwX3GOBLRw==

jest-matcher-utils@^27.0.0:
  version "27.5.1"
  resolved "https://repo.huaweicloud.com/repository/npm/jest-matcher-utils/-/jest-matcher-utils-27.5.1.tgz"
  integrity sha512-z2uTx/T6LBaCoNWNFWwChLBKYxTMcGBRjAt+2SbP929/Fflb9aa5LGma654Rz8z9HLxsrUaYzxE9T/EFIL/PAw==
  dependencies:
    chalk "^4.0.0"
    jest-diff "^27.5.1"
    jest-get-type "^27.5.1"
    pretty-format "^27.5.1"

lodash-es@^4.17.21:
  version "4.17.21"
  resolved "https://repo.huaweicloud.com/repository/npm/lodash-es/-/lodash-es-4.17.21.tgz"
  integrity sha512-mKnC+QJ9pWVzv+C4/U3rRsHapFfHvQFoFB92e52xeyGMcX6/OlIl78je1u8vePzYZSkkogMPJ2yjxxsb89cxyw==

lodash@^4.17.21:
  version "4.17.21"
  resolved "https://repo.huaweicloud.com/repository/npm/lodash/-/lodash-4.17.21.tgz"
  integrity sha512-v2kDEe57lecTulaDIuNTPy3Ry4gLGJ6Z1O3vE1krgXZNrsQ+LFTGHVxVjcXPs17LhbZVGedAJv8XZ1tvj5FvSg==

magic-string@^0.30.5:
  version "0.30.5"
  resolved "https://registry.npmjs.org/magic-string/-/magic-string-0.30.5.tgz"
  integrity sha512-7xlpfBaQaP/T6Vh8MO/EqXSW5En6INHEvEXQiuff7Gku0PWjU3uf6w/j9o7O+SpB5fOAkrI5HeoNgwjEO0pFsA==
  dependencies:
    "@jridgewell/sourcemap-codec" "^1.4.15"

md5@^2.3.0:
  version "2.3.0"
  resolved "https://repo.huaweicloud.com/repository/npm/md5/-/md5-2.3.0.tgz"
  integrity sha512-T1GITYmFaKuO91vxyoQMFETst+O71VUPEU3ze5GNzDm0OWdP8v1ziTaAEPUr/3kLsY3Sftgz242A1SetQiDL7g==
  dependencies:
    charenc "0.0.2"
    crypt "0.0.2"
    is-buffer "~1.1.6"

mime-db@1.52.0:
  version "1.52.0"
  resolved "https://repo.huaweicloud.com/repository/npm/mime-db/-/mime-db-1.52.0.tgz"
  integrity sha512-sPU4uV7dYlvtWJxwwxHD0PuihVNiE7TyAbQ5SWxDCB9mUYvOgroQOwYQQOKPJ8CIbE+1ETVlOoK1UC2nU3gYvg==

mime-types@^2.1.12:
  version "2.1.35"
  resolved "https://repo.huaweicloud.com/repository/npm/mime-types/-/mime-types-2.1.35.tgz"
  integrity sha512-ZDY+bPm5zTTF+YpCrAU9nK0UgICYPT0QtT1NZWFv4s++TNkcgVaT0g6+4R2uI4MjQjzysHB1zxuWL50hzaeXiw==
  dependencies:
    mime-db "1.52.0"

naive-ui@^2.29.1:
  version "2.29.1"
  resolved "https://repo.huaweicloud.com/repository/npm/naive-ui/-/naive-ui-2.29.1.tgz"
  integrity sha512-99GbjOYAf2QvKxfBvx3msanFRCTR2+5Y7BxiitkfNN52RtyyhRBLlNiLJefsn1BskqdnfPsyJ7/nu6ZhIpTTmQ==
  dependencies:
    "@css-render/plugin-bem" "^0.15.10"
    "@css-render/vue3-ssr" "^0.15.10"
    "@types/lodash" "^4.14.181"
    "@types/lodash-es" "^4.17.6"
    async-validator "^4.0.7"
    css-render "^0.15.10"
    date-fns "^2.28.0"
    date-fns-tz "^1.3.3"
    evtd "^0.2.3"
    highlight.js "^11.5.0"
    lodash "^4.17.21"
    lodash-es "^4.17.21"
    seemly "^0.3.3"
    treemate "^0.3.11"
    vdirs "^0.1.8"
    vooks "^0.2.12"
    vueuc "^0.4.37"

nanoid@^3.3.7:
  version "3.3.7"
  resolved "https://registry.npmjs.org/nanoid/-/nanoid-3.3.7.tgz"
  integrity sha512-eSRppjcPIatRIMC1U6UngP8XFcz8MQWGQdt1MTBQ7NaAmvXDfvNxbvWV3x2y6CdEUciCSsDHDQZbhYaB8QEo2g==

picocolors@^1.0.0:
  version "1.0.0"
  resolved "https://registry.npmjs.org/picocolors/-/picocolors-1.0.0.tgz"
  integrity sha512-1fygroTLlHu66zi26VoTDv8yRgm0Fccecssto+MhsZ0D/DGW2sm8E8AjW7NU5VVTRt5GxbeZ5qBuJr+HyLYkjQ==

pinia@^2.1.7:
  version "2.1.7"
  resolved "https://registry.npmjs.org/pinia/-/pinia-2.1.7.tgz"
  integrity sha512-+C2AHFtcFqjPih0zpYuvof37SFxMQ7OEG2zV9jRI12i9BOy3YQVAHwdKtyyc8pDcDyIc33WCIsZaCFWU7WWxGQ==
  dependencies:
    "@vue/devtools-api" "^6.5.0"
    vue-demi ">=0.14.5"

postcss@^8.4.32:
  version "8.4.33"
  resolved "https://repo.huaweicloud.com/repository/npm/postcss/-/postcss-8.4.33.tgz"
  integrity sha512-Kkpbhhdjw2qQs2O2DGX+8m5OVqEcbB9HRBvuYM9pgrjEFUg30A9LmXNlTAUj4S9kgtGyrMbTzVjH7E+s5Re2yg==
  dependencies:
    nanoid "^3.3.7"
    picocolors "^1.0.0"
    source-map-js "^1.0.2"

pretty-format@^27.0.0, pretty-format@^27.5.1:
  version "27.5.1"
  resolved "https://repo.huaweicloud.com/repository/npm/pretty-format/-/pretty-format-27.5.1.tgz"
  integrity sha512-Qb1gy5OrP5+zDf2Bvnzdl3jsTf1qXVMazbvCoKhtKqVs4/YK4ozX4gKQJJVyNe+cajNPn0KoC0MC3FUmaHWEmQ==
  dependencies:
    ansi-regex "^5.0.1"
    ansi-styles "^5.0.0"
    react-is "^17.0.1"

proxy-from-env@^1.1.0:
  version "1.1.0"
  resolved "https://repo.huaweicloud.com/repository/npm/proxy-from-env/-/proxy-from-env-1.1.0.tgz"
  integrity sha512-D+zkORCbA9f1tdWRK0RaCR3GPv50cMxcrz4X8k5LTSUD1Dkw47mKJEZQNunItRTkWwgtaUSo1RVFRIG9ZXiFYg==

react-is@^17.0.1:
  version "17.0.2"
  resolved "https://repo.huaweicloud.com/repository/npm/react-is/-/react-is-17.0.2.tgz"
  integrity sha512-w2GsyukL62IJnlaff/nRegPQR94C/XXamvMWmSHRJ4y7Ts/4ocGRmTHvOs8PSE6pB3dWOrD/nueuU5sduBsQ4w==

rollup@^4.2.0:
  version "4.6.1"
  resolved "https://repo.huaweicloud.com/repository/npm/rollup/-/rollup-4.6.1.tgz"
  integrity sha512-jZHaZotEHQaHLgKr8JnQiDT1rmatjgKlMekyksz+yk9jt/8z9quNjnKNRoaM0wd9DC2QKXjmWWuDYtM3jfF8pQ==
  optionalDependencies:
    "@rollup/rollup-android-arm-eabi" "4.6.1"
    "@rollup/rollup-android-arm64" "4.6.1"
    "@rollup/rollup-darwin-arm64" "4.6.1"
    "@rollup/rollup-darwin-x64" "4.6.1"
    "@rollup/rollup-linux-arm-gnueabihf" "4.6.1"
    "@rollup/rollup-linux-arm64-gnu" "4.6.1"
    "@rollup/rollup-linux-arm64-musl" "4.6.1"
    "@rollup/rollup-linux-x64-gnu" "4.6.1"
    "@rollup/rollup-linux-x64-musl" "4.6.1"
    "@rollup/rollup-win32-arm64-msvc" "4.6.1"
    "@rollup/rollup-win32-ia32-msvc" "4.6.1"
    "@rollup/rollup-win32-x64-msvc" "4.6.1"
    fsevents "~2.3.2"

seemly@^0.3.1, seemly@^0.3.3:
  version "0.3.3"
  resolved "https://repo.huaweicloud.com/repository/npm/seemly/-/seemly-0.3.3.tgz"
  integrity sha512-mAyqemz41e9HiZPMXAn7NtTExJgztwco5cdZjrt/iViU/oFeav+Q8K1c93M/tIZZ00QkT65JMr4xXQk7Vv5hWQ==
  dependencies:
    "@types/jest" "^27.0.1"

source-map-js@^1.0.2:
  version "1.0.2"
  resolved "https://registry.npmjs.org/source-map-js/-/source-map-js-1.0.2.tgz"
  integrity sha512-R0XvVJ9WusLiqTCEiGCmICCMplcCkIwwR11mOSD9CR5u+IXYdiseeEuXCVAjS54zqwkLcPNnmU4OeJ6tUrWhDw==

store@^2.0.12:
  version "2.0.12"
  resolved "https://repo.huaweicloud.com/repository/npm/store/-/store-2.0.12.tgz"
  integrity sha1-jFNOKguDH3K3X8XxEZhXxE711ZM=

supports-color@^7.1.0:
  version "7.2.0"
  resolved "https://repo.huaweicloud.com/repository/npm/supports-color/-/supports-color-7.2.0.tgz"
  integrity sha512-qpCAvRl9stuOHveKsn7HncJRvv501qIacKzQlO/+Lwxc9+0q2wLyv4Dfvt80/DPn2pqOBsJdDiogXGR9+OvwRw==
  dependencies:
    has-flag "^4.0.0"

treemate@^0.3.11:
  version "0.3.11"
  resolved "https://repo.huaweicloud.com/repository/npm/treemate/-/treemate-0.3.11.tgz"
  integrity sha512-M8RGFoKtZ8dF+iwJfAJTOH/SM4KluKOKRJpjCMhI8bG3qB74zrFoArKZ62ll0Fr3mqkMJiQOmWYkdYgDeITYQg==

undici-types@~5.26.4:
  version "5.26.5"
  resolved "https://repo.huaweicloud.com/repository/npm/undici-types/-/undici-types-5.26.5.tgz"
  integrity sha512-JlCMO+ehdEIKqlFxk6IfVoAUVmgz7cU7zD/h9XZ0qzeosSHmUJVOzSQvvYSYWXkFXC+IfLKSIffhv0sVZup6pA==

vdirs@^0.1.4, vdirs@^0.1.8:
  version "0.1.8"
  resolved "https://repo.huaweicloud.com/repository/npm/vdirs/-/vdirs-0.1.8.tgz"
  integrity sha512-H9V1zGRLQZg9b+GdMk8MXDN2Lva0zx72MPahDKc30v+DtwKjfyOSXWRIX4t2mhDubM1H09gPhWeth/BJWPHGUw==
  dependencies:
    evtd "^0.2.2"

vfonts@^0.0.3:
  version "0.0.3"
  resolved "https://repo.huaweicloud.com/repository/npm/vfonts/-/vfonts-0.0.3.tgz"
  integrity sha512-nguyw8L6Un8eelg1vQ31vIU2ESxqid7EYmy8V+MDeMaHBqaRSkg3dTBToC1PR00D89UzS/SLkfYPnx0Wf23IQQ==

vite@^5.0.0, vite@5.0.11:
  version "5.0.11"
  resolved "https://repo.huaweicloud.com/repository/npm/vite/-/vite-5.0.11.tgz"
  integrity sha512-XBMnDjZcNAw/G1gEiskiM1v6yzM4GE5aMGvhWTlHAYYhxb7S3/V1s3m2LDHa8Vh6yIWYYB0iJwsEaS523c4oYA==
  dependencies:
    esbuild "^0.19.3"
    postcss "^8.4.32"
    rollup "^4.2.0"
  optionalDependencies:
    fsevents "~2.3.3"

vooks@^0.2.12, vooks@^0.2.4:
  version "0.2.12"
  resolved "https://repo.huaweicloud.com/repository/npm/vooks/-/vooks-0.2.12.tgz"
  integrity sha512-iox0I3RZzxtKlcgYaStQYKEzWWGAduMmq+jS7OrNdQo1FgGfPMubGL3uGHOU9n97NIvfFDBGnpSvkWyb/NSn/Q==
  dependencies:
    evtd "^0.2.2"

vue-demi@>=0.14.5:
  version "0.14.6"
  resolved "https://registry.npmjs.org/vue-demi/-/vue-demi-0.14.6.tgz"
  integrity sha512-8QA7wrYSHKaYgUxDA5ZC24w+eHm3sYCbp0EzcDwKqN3p6HqtTCGR/GVsPyZW92unff4UlcSh++lmqDWN3ZIq4w==

vue-router@^4.2.5:
  version "4.2.5"
  resolved "https://registry.npmjs.org/vue-router/-/vue-router-4.2.5.tgz"
  integrity sha512-DIUpKcyg4+PTQKfFPX88UWhlagBEBEfJ5A8XDXRJLUnZOvcpMF8o/dnL90vpVkGaPbjvXazV/rC1qBKrZlFugw==
  dependencies:
    "@vue/devtools-api" "^6.5.0"

"vue@^2.6.14 || ^3.3.0", vue@^3.0.0, "vue@^3.0.0-0 || ^2.6.0", vue@^3.0.11, vue@^3.2.0, vue@^3.2.25, vue@^3.4.5, vue@3.4.5:
  version "3.4.5"
  resolved "https://repo.huaweicloud.com/repository/npm/vue/-/vue-3.4.5.tgz"
  integrity sha512-VH6nHFhLPjgu2oh5vEBXoNZxsGHuZNr3qf4PHClwJWw6IDqw6B3x+4J+ABdoZ0aJuT8Zi0zf3GpGlLQCrGWHrw==
  dependencies:
    "@vue/compiler-dom" "3.4.5"
    "@vue/compiler-sfc" "3.4.5"
    "@vue/runtime-dom" "3.4.5"
    "@vue/server-renderer" "3.4.5"
    "@vue/shared" "3.4.5"

vueuc@^0.4.37:
  version "0.4.37"
  resolved "https://repo.huaweicloud.com/repository/npm/vueuc/-/vueuc-0.4.37.tgz"
  integrity sha512-NJVeUet0O2ta95aVYs7lNphG0AQFfNEuXxlIL50ZxQ//HTITkua17Rlh0RdyXG3C37HR/TqKAG5be7QJjJT3Fg==
  dependencies:
    "@css-render/vue3-ssr" "^0.15.10"
    "@juggle/resize-observer" "^3.3.1"
    css-render "^0.15.10"
    evtd "^0.2.2"
    seemly "^0.3.1"
    vdirs "^0.1.4"
    vooks "^0.2.4"
